
Microsoft Visual Studio Solution File, Format Version 12.00
# Visual Studio Version 17
VisualStudioVersion = 17.3.32901.215
MinimumVisualStudioVersion = 10.0.40219.1
Project("{9A19103F-16F7-4668-BE54-9A1E7A4F7556}") = "Minecraft.Crafting", "Minecraft.Crafting\Minecraft.Crafting.csproj", "{4D504B90-6753-4CD8-8E8D-0D1AAFB183CF}"
EndProject
Project("{9A19103F-16F7-4668-BE54-9A1E7A4F7556}") = "Minecraft.Crafting.Api", "Minecraft.Crafting.Api\Minecraft.Crafting.Api.csproj", "{4EE38BA1-262E-4137-948F-0A88D349C4BF}"
EndProject
Project("{FAE04EC0-301F-11D3-BF4B-00C04F79EFBC}") = "UnitTests", "UnitTests\UnitTests.csproj", "{60E0EDAA-C8CA-45A5-A2B7-5BB54A312692}"
EndProject
Global
	GlobalSection(SolutionConfigurationPlatforms) = preSolution
		Debug|Any CPU = Debug|Any CPU
		Release|Any CPU = Release|Any CPU
	EndGlobalSection
	GlobalSection(ProjectConfigurationPlatforms) = postSolution
		{4D504B90-6753-4CD8-8E8D-0D1AAFB183CF}.Debug|Any CPU.ActiveCfg = Debug|Any CPU
		{4D504B90-6753-4CD8-8E8D-0D1AAFB183CF}.Debug|Any CPU.Build.0 = Debug|Any CPU
		{4D504B90-6753-4CD8-8E8D-0D1AAFB183CF}.Release|Any CPU.ActiveCfg = Release|Any CPU
		{4D504B90-6753-4CD8-8E8D-0D1AAFB183CF}.Release|Any CPU.Build.0 = Release|Any CPU
		{4EE38BA1-262E-4137-948F-0A88D349C4BF}.Debug|Any CPU.ActiveCfg = Debug|Any CPU
		{4EE38BA1-262E-4137-948F-0A88D349C4BF}.Debug|Any CPU.Build.0 = Debug|Any CPU
		{4EE38BA1-262E-4137-948F-0A88D349C4BF}.Release|Any CPU.ActiveCfg = Release|Any CPU
		{4EE38BA1-262E-4137-948F-0A88D349C4BF}.Release|Any CPU.Build.0 = Release|Any CPU
		{60E0EDAA-C8CA-45A5-A2B7-5BB54A312692}.Debug|Any CPU.ActiveCfg = Debug|Any CPU
		{60E0EDAA-C8CA-45A5-A2B7-5BB54A312692}.Debug|Any CPU.Build.0 = Debug|Any CPU
		{60E0EDAA-C8CA-45A5-A2B7-5BB54A312692}.Release|Any CPU.ActiveCfg = Release|Any CPU
		{60E0EDAA-C8CA-45A5-A2B7-5BB54A312692}.Release|Any CPU.Build.0 = Release|Any CPU
	EndGlobalSection
	GlobalSection(SolutionProperties) = preSolution
		HideSolutionNode = FALSE
	EndGlobalSection
	GlobalSection(ExtensibilityGlobals) = postSolution
		SolutionGuid = {DA8B33B2-428A-4556-800B-3E41866F17F8}
	EndGlobalSection
EndGlobal
